
Microsoft Visual Studio Solution File, Format Version 12.00
# Visual Studio Version 17
VisualStudioVersion = 17.5.33424.131
MinimumVisualStudioVersion = 10.0.40219.1
Project("{9A19103F-16F7-4668-BE54-9A1E7A4F7556}") = "MajiroRCImage", "MajiroRCImage.csproj", "{F229A5DA-4DD4-425A-9597-9017B1ED15DF}"
EndProject
Global
	GlobalSection(SolutionConfigurationPlatforms) = preSolution
		Debug|Any CPU = Debug|Any CPU
		Release|Any CPU = Release|Any CPU
	EndGlobalSection
	GlobalSection(ProjectConfigurationPlatforms) = postSolution
		{F229A5DA-4DD4-425A-9597-9017B1ED15DF}.Debug|Any CPU.ActiveCfg = Debug|Any CPU
		{F229A5DA-4DD4-425A-9597-9017B1ED15DF}.Debug|Any CPU.Build.0 = Debug|Any CPU
		{F229A5DA-4DD4-425A-9597-9017B1ED15DF}.Release|Any CPU.ActiveCfg = Release|Any CPU
		{F229A5DA-4DD4-425A-9597-9017B1ED15DF}.Release|Any CPU.Build.0 = Release|Any CPU
	EndGlobalSection
	GlobalSection(SolutionProperties) = preSolution
		HideSolutionNode = FALSE
	EndGlobalSection
	GlobalSection(ExtensibilityGlobals) = postSolution
		SolutionGuid = {2F533D74-67CB-4D77-AA44-807C6F0A92A5}
	EndGlobalSection
EndGlobal
